
Microsoft Visual Studio Solution File, Format Version 12.00
# Visual Studio 14
VisualStudioVersion = 14.0.25123.0
MinimumVisualStudioVersion = 10.0.40219.1
Project("{FAE04EC0-301F-11D3-BF4B-00C04F79EFBC}") = "ApplyPostProcessingOnImageRendering", "ApplyPostProcessingOnImageRendering\ApplyPostProcessingOnImageRendering.csproj", "{3188E32B-8F47-4581-A296-FB9581C7107E}"
EndProject
Project("{FAE04EC0-301F-11D3-BF4B-00C04F79EFBC}") = "Triangulate", "Triangulate\Triangulate.csproj", "{59778970-6C77-40A7-878D-DD5832B91978}"
EndProject
Project("{FAE04EC0-301F-11D3-BF4B-00C04F79EFBC}") = "FileConvert", "FileConvert\FileConvert.csproj", "{D865AE7E-BAA2-4E50-A593-D096F1DEF384}"
EndProject
Global
	GlobalSection(SolutionConfigurationPlatforms) = preSolution
		Debug|Any CPU = Debug|Any CPU
		Release|Any CPU = Release|Any CPU
	EndGlobalSection
	GlobalSection(ProjectConfigurationPlatforms) = postSolution
		{3188E32B-8F47-4581-A296-FB9581C7107E}.Debug|Any CPU.ActiveCfg = Debug|Any CPU
		{3188E32B-8F47-4581-A296-FB9581C7107E}.Debug|Any CPU.Build.0 = Debug|Any CPU
		{3188E32B-8F47-4581-A296-FB9581C7107E}.Release|Any CPU.ActiveCfg = Release|Any CPU
		{3188E32B-8F47-4581-A296-FB9581C7107E}.Release|Any CPU.Build.0 = Release|Any CPU
		{59778970-6C77-40A7-878D-DD5832B91978}.Debug|Any CPU.ActiveCfg = Debug|Any CPU
		{59778970-6C77-40A7-878D-DD5832B91978}.Debug|Any CPU.Build.0 = Debug|Any CPU
		{59778970-6C77-40A7-878D-DD5832B91978}.Release|Any CPU.ActiveCfg = Release|Any CPU
		{59778970-6C77-40A7-878D-DD5832B91978}.Release|Any CPU.Build.0 = Release|Any CPU
		{D865AE7E-BAA2-4E50-A593-D096F1DEF384}.Debug|Any CPU.ActiveCfg = Debug|Any CPU
		{D865AE7E-BAA2-4E50-A593-D096F1DEF384}.Debug|Any CPU.Build.0 = Debug|Any CPU
		{D865AE7E-BAA2-4E50-A593-D096F1DEF384}.Release|Any CPU.ActiveCfg = Release|Any CPU
		{D865AE7E-BAA2-4E50-A593-D096F1DEF384}.Release|Any CPU.Build.0 = Release|Any CPU
	EndGlobalSection
	GlobalSection(SolutionProperties) = preSolution
		HideSolutionNode = FALSE
	EndGlobalSection
EndGlobal
