
Microsoft Visual Studio Solution File, Format Version 12.00
# Visual Studio 2012
Project("{FAE04EC0-301F-11D3-BF4B-00C04F79EFBC}") = "CSharp", "CSharp\CSharp.csproj", "{0BC07593-E2FA-43CD-A7D9-90987B734D8B}"
EndProject
Global
	GlobalSection(SolutionConfigurationPlatforms) = preSolution
		Debug|Any CPU = Debug|Any CPU
		Release|Any CPU = Release|Any CPU
	EndGlobalSection
	GlobalSection(ProjectConfigurationPlatforms) = postSolution
		{0BC07593-E2FA-43CD-A7D9-90987B734D8B}.Debug|Any CPU.ActiveCfg = Debug|Any CPU
		{0BC07593-E2FA-43CD-A7D9-90987B734D8B}.Debug|Any CPU.Build.0 = Debug|Any CPU
		{0BC07593-E2FA-43CD-A7D9-90987B734D8B}.Release|Any CPU.ActiveCfg = Release|Any CPU
		{0BC07593-E2FA-43CD-A7D9-90987B734D8B}.Release|Any CPU.Build.0 = Release|Any CPU
	EndGlobalSection
	GlobalSection(SolutionProperties) = preSolution
		HideSolutionNode = FALSE
	EndGlobalSection
EndGlobal
